Microsoft Visual Studio Solution File, Format Version 12.00
# Visual Studio Version 17
VisualStudioVersion = 17.5.2.0
MinimumVisualStudioVersion = 10.0.40219.1
Project("{FAE04EC0-301F-11D3-BF4B-00C04F79EFBC}") = "PersonalFinanceTracker", "PersonalFinanceTracker.csproj", "{9BD2A94E-D96B-998C-9F8D-2FDC9C92AEB0}"
EndProject
Global
	GlobalSection(SolutionConfigurationPlatforms) = preSolution
		Debug|Any CPU = Debug|Any CPU
		Release|Any CPU = Release|Any CPU
	EndGlobalSection
	GlobalSection(ProjectConfigurationPlatforms) = postSolution
		{9BD2A94E-D96B-998C-9F8D-2FDC9C92AEB0}.Debug|Any CPU.ActiveCfg = Debug|Any CPU
		{9BD2A94E-D96B-998C-9F8D-2FDC9C92AEB0}.Debug|Any CPU.Build.0 = Debug|Any CPU
		{9BD2A94E-D96B-998C-9F8D-2FDC9C92AEB0}.Release|Any CPU.ActiveCfg = Release|Any CPU
		{9BD2A94E-D96B-998C-9F8D-2FDC9C92AEB0}.Release|Any CPU.Build.0 = Release|Any CPU
	EndGlobalSection
	GlobalSection(SolutionProperties) = preSolution
		HideSolutionNode = FALSE
	EndGlobalSection
	GlobalSection(ExtensibilityGlobals) = postSolution
		SolutionGuid = {02AEB4E2-E93E-4553-BCC0-EECE8802AEDF}
	EndGlobalSection
EndGlobal
